
Microsoft Visual Studio Solution File, Format Version 12.00
# Visual Studio 15
VisualStudioVersion = 15.0.27703.2042
MinimumVisualStudioVersion = 10.0.40219.1
Project("{FAE04EC0-301F-11D3-BF4B-00C04F79EFBC}") = "LearnXamAnd", "LearnXamAnd\LearnXamAnd.csproj", "{EC81E4BE-E2EE-4EEA-A3FD-CEE6EB25E4E3}"
EndProject
Global
	GlobalSection(SolutionConfigurationPlatforms) = preSolution
		Debug|Any CPU = Debug|Any CPU
		Release|Any CPU = Release|Any CPU
	EndGlobalSection
	GlobalSection(ProjectConfigurationPlatforms) = postSolution
		{EC81E4BE-E2EE-4EEA-A3FD-CEE6EB25E4E3}.Debug|Any CPU.ActiveCfg = Debug|Any CPU
		{EC81E4BE-E2EE-4EEA-A3FD-CEE6EB25E4E3}.Debug|Any CPU.Build.0 = Debug|Any CPU
		{EC81E4BE-E2EE-4EEA-A3FD-CEE6EB25E4E3}.Debug|Any CPU.Deploy.0 = Debug|Any CPU
		{EC81E4BE-E2EE-4EEA-A3FD-CEE6EB25E4E3}.Release|Any CPU.ActiveCfg = Release|Any CPU
		{EC81E4BE-E2EE-4EEA-A3FD-CEE6EB25E4E3}.Release|Any CPU.Build.0 = Release|Any CPU
		{EC81E4BE-E2EE-4EEA-A3FD-CEE6EB25E4E3}.Release|Any CPU.Deploy.0 = Release|Any CPU
	EndGlobalSection
	GlobalSection(SolutionProperties) = preSolution
		HideSolutionNode = FALSE
	EndGlobalSection
	GlobalSection(ExtensibilityGlobals) = postSolution
		SolutionGuid = {F821BC98-373A-446F-B25A-F485D100B1FC}
	EndGlobalSection
EndGlobal
